Microsoft Visual Studio Solution File, Format Version 12.00
# Visual Studio Version 17
VisualStudioVersion = 17.5.2.0
MinimumVisualStudioVersion = 10.0.40219.1
Project("{FAE04EC0-301F-11D3-BF4B-00C04F79EFBC}") = "HealthCenter.Desktop", "HealthCenter.Desktop.csproj", "{FE46BF25-071E-12A7-A987-1939AE62EF3D}"
EndProject
Global
	GlobalSection(SolutionConfigurationPlatforms) = preSolution
		Debug|Any CPU = Debug|Any CPU
		Release|Any CPU = Release|Any CPU
	EndGlobalSection
	GlobalSection(ProjectConfigurationPlatforms) = postSolution
		{FE46BF25-071E-12A7-A987-1939AE62EF3D}.Debug|Any CPU.ActiveCfg = Debug|Any CPU
		{FE46BF25-071E-12A7-A987-1939AE62EF3D}.Debug|Any CPU.Build.0 = Debug|Any CPU
		{FE46BF25-071E-12A7-A987-1939AE62EF3D}.Release|Any CPU.ActiveCfg = Release|Any CPU
		{FE46BF25-071E-12A7-A987-1939AE62EF3D}.Release|Any CPU.Build.0 = Release|Any CPU
	EndGlobalSection
	GlobalSection(SolutionProperties) = preSolution
		HideSolutionNode = FALSE
	EndGlobalSection
	GlobalSection(ExtensibilityGlobals) = postSolution
		SolutionGuid = {E6267489-6CF9-48EE-A09F-FE1CF154CDCB}
	EndGlobalSection
EndGlobal
